
Microsoft Visual Studio Solution File, Format Version 12.00
# Visual Studio Version 17
VisualStudioVersion = 17.6.33723.286
MinimumVisualStudioVersion = 10.0.40219.1
Project("{FAE04EC0-301F-11D3-BF4B-00C04F79EFBC}") = "SimpleUtilities", "SimpleUtilities\SimpleUtilities.csproj", "{ADE7DDCB-E6B7-493C-B7A8-612786C80F3A}"
EndProject
Global
	GlobalSection(SolutionConfigurationPlatforms) = preSolution
		Debug|Any CPU = Debug|Any CPU
		Release|Any CPU = Release|Any CPU
	EndGlobalSection
	GlobalSection(ProjectConfigurationPlatforms) = postSolution
		{ADE7DDCB-E6B7-493C-B7A8-612786C80F3A}.Debug|Any CPU.ActiveCfg = Debug|Any CPU
		{ADE7DDCB-E6B7-493C-B7A8-612786C80F3A}.Debug|Any CPU.Build.0 = Debug|Any CPU
		{ADE7DDCB-E6B7-493C-B7A8-612786C80F3A}.Release|Any CPU.ActiveCfg = Release|Any CPU
		{ADE7DDCB-E6B7-493C-B7A8-612786C80F3A}.Release|Any CPU.Build.0 = Release|Any CPU
	EndGlobalSection
	GlobalSection(SolutionProperties) = preSolution
		HideSolutionNode = FALSE
	EndGlobalSection
	GlobalSection(ExtensibilityGlobals) = postSolution
		SolutionGuid = {6AA7BF3C-7666-4231-B15E-4BCA99A397D2}
	EndGlobalSection
EndGlobal
